<?xml version="1.0" encoding="UTF-8" standalone="yes" ?>
<CodeBlocks_project_file>
	<FileVersion major="1" minor="6" />
	<Project>
		<Option title="Quizzr" />
		<Option pch_mode="2" />
		<Option compiler="gcc" />
		<Build>
			<Target title="Debug">
				<Option output="bin/Debug/Quizzr" prefix_auto="1" extension_auto="1" />
				<Option object_output="obj/Debug/" />
				<Option type="1" />
				<Option compiler="gcc" />
				<Compiler>
					<Add option="-g" />
				</Compiler>
			</Target>
			<Target title="Release">
				<Option output="bin/Release/Quizzr" prefix_auto="1" extension_auto="1" />
				<Option object_output="obj/Release/" />
				<Option type="1" />
				<Option compiler="gcc" />
				<Compiler>
					<Add option="-O2" />
				</Compiler>
				<Linker>
					<Add option="-s" />
				</Linker>
			</Target>
		</Build>
		<Compiler>
			<Add option="-Wall" />
		</Compiler>
		<Unit filename="Menu.cpp" />
		<Unit filename="Menu.hpp" />
		<Unit filename="Question.cpp" />
		<Unit filename="Question.hpp" />
		<Unit filename="Questions/Essay.cpp" />
		<Unit filename="Questions/Essay.hpp" />
		<Unit filename="Questions/FillInTheBlank.cpp" />
		<Unit filename="Questions/FillInTheBlank.hpp" />
		<Unit filename="Questions/IQuestion.hpp" />
		<Unit filename="Questions/MultipleAnswer.cpp" />
		<Unit filename="Questions/MultipleAnswer.hpp" />
		<Unit filename="Questions/MultipleChoice.cpp" />
		<Unit filename="Questions/MultipleChoice.hpp" />
		<Unit filename="Questions/Ordering.cpp" />
		<Unit filename="Questions/Ordering.hpp" />
		<Unit filename="Questions/ThreeBlanks.cpp" />
		<Unit filename="Questions/ThreeBlanks.hpp" />
		<Unit filename="Questions/TrueFalse.cpp" />
		<Unit filename="Questions/TrueFalse.hpp" />
		<Unit filename="main.cpp" />
		<Extensions>
			<code_completion />
			<debugger />
			<envvars />
		</Extensions>
	</Project>
</CodeBlocks_project_file>
